PODS:
  - Alamofire (4.9.1)
  - SwiftProtobuf (1.7.0)
  - vaslAppSdk (0.5.4):
    - Alamofire
    - SwiftProtobuf

DEPENDENCIES:
  - Alamofire
  - SwiftProtobuf
  - vaslAppSdk (from `../`)

SPEC REPOS:
  trunk:
    - Alamofire
    - SwiftProtobuf

EXTERNAL SOURCES:
  vaslAppSdk:
    :path: "../"

SPEC CHECKSUMS:
  Alamofire: 85e8a02c69d6020a0d734f6054870d7ecb75cf18
  SwiftProtobuf: 4fd9645e69b72cbae6ec8da5be0cdd20ca6565dd
  vaslAppSdk: 8baf3b93287ea7588d82ad5c68b1732d0cf17a14

PODFILE CHECKSUM: 24ad028bffc3a5e20ec95765cc3a507b40c9d270

COCOAPODS: 1.8.4
